<Solution>
  <Folder Name="/samples/">
    <Project Path="samples/EvilBaschdi.About.Avalonia.DummyApp/EvilBaschdi.About.Avalonia.DummyApp.csproj" />
    <Project Path="samples/EvilBaschdi.About.Terminal.DummyApp/EvilBaschdi.About.Terminal.DummyApp.csproj" />
  </Folder>
  <Folder Name="/Solution Items/">
    <File Path=".editorconfig" />
    <File Path="Directory.Build.props" />
    <File Path="Directory.Build.targets" />
    <File Path="Directory.Packages.props" />
    <File Path="global.json" />
    <File Path="NuGet.config" />
  </Folder>
  <Folder Name="/tests/">
    <Project Path="tests/EvilBaschdi.About.Avalonia.Tests/EvilBaschdi.About.Avalonia.Tests.csproj" />
    <Project Path="tests/EvilBaschdi.About.Core.Tests/EvilBaschdi.About.Core.Tests.csproj" />
  </Folder>
  <Folder Name="/src/">
    <Project Path="src/EvilBaschdi.About.Avalonia/EvilBaschdi.About.Avalonia.csproj" />
    <Project Path="src/EvilBaschdi.About.Core/EvilBaschdi.About.Core.csproj" />
    <Project Path="src/EvilBaschdi.About.Terminal/EvilBaschdi.About.Terminal.csproj" />
  </Folder>
</Solution>
