
Microsoft Visual Studio Solution File, Format Version 12.00
# Visual Studio Version 17
VisualStudioVersion = 17.0.31903.59
MinimumVisualStudioVersion = 10.0.40219.1
Project("{9A19103F-16F7-4668-BE54-9A1E7A4F7556}") = "EvilBaschdi.About.Core", "EvilBaschdi.About.Core\EvilBaschdi.About.Core.csproj", "{3CFB9F51-72A3-41BD-8382-EDA3F9A840AB}"
EndProject
Project("{2150E333-8FDC-42A3-9474-1A3956D46DE8}") = "Solution Items", "Solution Items", "{29440E64-BB8C-4C43-98AE-609456CDEF5D}"
	ProjectSection(SolutionItems) = preProject
		.editorconfig = .editorconfig
		Directory.Build.props = Directory.Build.props
		Directory.Build.targets = Directory.Build.targets
		Directory.Packages.props = Directory.Packages.props
		global.json = global.json
		NuGet.config = NuGet.config
	EndProjectSection
EndProject
Project("{9A19103F-16F7-4668-BE54-9A1E7A4F7556}") = "EvilBaschdi.About.Wpf", "EvilBaschdi.About.Wpf\EvilBaschdi.About.Wpf.csproj", "{2D493022-2EAA-4A97-90A2-3A3D403B01B4}"
EndProject
Project("{9A19103F-16F7-4668-BE54-9A1E7A4F7556}") = "EvilBaschdi.About.Avalonia", "EvilBaschdi.About.Avalonia\EvilBaschdi.About.Avalonia.csproj", "{E82FD8F3-6F55-4F77-A141-86BEF22288CB}"
EndProject
Project("{9A19103F-16F7-4668-BE54-9A1E7A4F7556}") = "EvilBaschdi.About.Avalonia.DummyApp", "EvilBaschdi.About.Avalonia.DummyApp\EvilBaschdi.About.Avalonia.DummyApp.csproj", "{A10B3418-3BF3-415C-8EFC-142621E508C5}"
EndProject
Project("{9A19103F-16F7-4668-BE54-9A1E7A4F7556}") = "EvilBaschdi.About.Wpf.DummyApp", "EvilBaschdi.About.Wpf.DummyApp\EvilBaschdi.About.Wpf.DummyApp.csproj", "{9B742166-A7B3-4290-BF38-B24C86156341}"
EndProject
Project("{2150E333-8FDC-42A3-9474-1A3956D46DE8}") = "Tests", "Tests", "{02FD2ACD-71DF-48AC-BD0E-772F1124120B}"
EndProject
Project("{2150E333-8FDC-42A3-9474-1A3956D46DE8}") = "DummyApp", "DummyApp", "{8A64A277-A19F-403B-BA74-82565286446B}"
EndProject
Project("{9A19103F-16F7-4668-BE54-9A1E7A4F7556}") = "EvilBaschdi.About.Avalonia.Tests", "EvilBaschdi.About.Avalonia.Tests\EvilBaschdi.About.Avalonia.Tests.csproj", "{7AFED102-C43F-462A-AD19-3A6D24CE64C0}"
EndProject
Project("{9A19103F-16F7-4668-BE54-9A1E7A4F7556}") = "EvilBaschdi.About.Core.Tests", "EvilBaschdi.About.Core.Tests\EvilBaschdi.About.Core.Tests.csproj", "{5051A9B7-509E-45DE-9BDA-6B82C999AE83}"
EndProject
Project("{9A19103F-16F7-4668-BE54-9A1E7A4F7556}") = "EvilBaschdi.About.Wpf.Tests", "EvilBaschdi.About.Wpf.Tests\EvilBaschdi.About.Wpf.Tests.csproj", "{C8E61218-72FE-44E8-A996-EA2B606107DB}"
EndProject
Project("{FAE04EC0-301F-11D3-BF4B-00C04F79EFBC}") = "EvilBaschdi.About.Terminal", "EvilBaschdi.About.Terminal\EvilBaschdi.About.Terminal.csproj", "{92FB96AE-9121-469B-BF21-7F17461483D7}"
EndProject
Project("{FAE04EC0-301F-11D3-BF4B-00C04F79EFBC}") = "EvilBaschdi.About.Terminal.DummyApp", "EvilBaschdi.About.Terminal.DummyApp\EvilBaschdi.About.Terminal.DummyApp.csproj", "{B46D37F6-1BAF-46AB-B9A7-A23FD52A540B}"
EndProject
Global
	GlobalSection(SolutionConfigurationPlatforms) = preSolution
		Debug|Any CPU = Debug|Any CPU
		Release|Any CPU = Release|Any CPU
	EndGlobalSection
	GlobalSection(ProjectConfigurationPlatforms) = postSolution
		{3CFB9F51-72A3-41BD-8382-EDA3F9A840AB}.Debug|Any CPU.ActiveCfg = Debug|Any CPU
		{3CFB9F51-72A3-41BD-8382-EDA3F9A840AB}.Debug|Any CPU.Build.0 = Debug|Any CPU
		{3CFB9F51-72A3-41BD-8382-EDA3F9A840AB}.Release|Any CPU.ActiveCfg = Release|Any CPU
		{3CFB9F51-72A3-41BD-8382-EDA3F9A840AB}.Release|Any CPU.Build.0 = Release|Any CPU
		{2D493022-2EAA-4A97-90A2-3A3D403B01B4}.Debug|Any CPU.ActiveCfg = Debug|Any CPU
		{2D493022-2EAA-4A97-90A2-3A3D403B01B4}.Debug|Any CPU.Build.0 = Debug|Any CPU
		{2D493022-2EAA-4A97-90A2-3A3D403B01B4}.Release|Any CPU.ActiveCfg = Release|Any CPU
		{2D493022-2EAA-4A97-90A2-3A3D403B01B4}.Release|Any CPU.Build.0 = Release|Any CPU
		{E82FD8F3-6F55-4F77-A141-86BEF22288CB}.Debug|Any CPU.ActiveCfg = Debug|Any CPU
		{E82FD8F3-6F55-4F77-A141-86BEF22288CB}.Debug|Any CPU.Build.0 = Debug|Any CPU
		{E82FD8F3-6F55-4F77-A141-86BEF22288CB}.Release|Any CPU.ActiveCfg = Release|Any CPU
		{E82FD8F3-6F55-4F77-A141-86BEF22288CB}.Release|Any CPU.Build.0 = Release|Any CPU
		{A10B3418-3BF3-415C-8EFC-142621E508C5}.Debug|Any CPU.ActiveCfg = Debug|Any CPU
		{A10B3418-3BF3-415C-8EFC-142621E508C5}.Debug|Any CPU.Build.0 = Debug|Any CPU
		{A10B3418-3BF3-415C-8EFC-142621E508C5}.Release|Any CPU.ActiveCfg = Release|Any CPU
		{A10B3418-3BF3-415C-8EFC-142621E508C5}.Release|Any CPU.Build.0 = Release|Any CPU
		{9B742166-A7B3-4290-BF38-B24C86156341}.Debug|Any CPU.ActiveCfg = Debug|Any CPU
		{9B742166-A7B3-4290-BF38-B24C86156341}.Debug|Any CPU.Build.0 = Debug|Any CPU
		{9B742166-A7B3-4290-BF38-B24C86156341}.Release|Any CPU.ActiveCfg = Release|Any CPU
		{9B742166-A7B3-4290-BF38-B24C86156341}.Release|Any CPU.Build.0 = Release|Any CPU
		{7AFED102-C43F-462A-AD19-3A6D24CE64C0}.Debug|Any CPU.ActiveCfg = Debug|Any CPU
		{7AFED102-C43F-462A-AD19-3A6D24CE64C0}.Debug|Any CPU.Build.0 = Debug|Any CPU
		{7AFED102-C43F-462A-AD19-3A6D24CE64C0}.Release|Any CPU.ActiveCfg = Release|Any CPU
		{7AFED102-C43F-462A-AD19-3A6D24CE64C0}.Release|Any CPU.Build.0 = Release|Any CPU
		{5051A9B7-509E-45DE-9BDA-6B82C999AE83}.Debug|Any CPU.ActiveCfg = Debug|Any CPU
		{5051A9B7-509E-45DE-9BDA-6B82C999AE83}.Debug|Any CPU.Build.0 = Debug|Any CPU
		{5051A9B7-509E-45DE-9BDA-6B82C999AE83}.Release|Any CPU.ActiveCfg = Release|Any CPU
		{5051A9B7-509E-45DE-9BDA-6B82C999AE83}.Release|Any CPU.Build.0 = Release|Any CPU
		{C8E61218-72FE-44E8-A996-EA2B606107DB}.Debug|Any CPU.ActiveCfg = Debug|Any CPU
		{C8E61218-72FE-44E8-A996-EA2B606107DB}.Debug|Any CPU.Build.0 = Debug|Any CPU
		{C8E61218-72FE-44E8-A996-EA2B606107DB}.Release|Any CPU.ActiveCfg = Release|Any CPU
		{C8E61218-72FE-44E8-A996-EA2B606107DB}.Release|Any CPU.Build.0 = Release|Any CPU
		{92FB96AE-9121-469B-BF21-7F17461483D7}.Debug|Any CPU.ActiveCfg = Debug|Any CPU
		{92FB96AE-9121-469B-BF21-7F17461483D7}.Debug|Any CPU.Build.0 = Debug|Any CPU
		{92FB96AE-9121-469B-BF21-7F17461483D7}.Release|Any CPU.ActiveCfg = Release|Any CPU
		{92FB96AE-9121-469B-BF21-7F17461483D7}.Release|Any CPU.Build.0 = Release|Any CPU
		{B46D37F6-1BAF-46AB-B9A7-A23FD52A540B}.Debug|Any CPU.ActiveCfg = Debug|Any CPU
		{B46D37F6-1BAF-46AB-B9A7-A23FD52A540B}.Debug|Any CPU.Build.0 = Debug|Any CPU
		{B46D37F6-1BAF-46AB-B9A7-A23FD52A540B}.Release|Any CPU.ActiveCfg = Release|Any CPU
		{B46D37F6-1BAF-46AB-B9A7-A23FD52A540B}.Release|Any CPU.Build.0 = Release|Any CPU
	EndGlobalSection
	GlobalSection(SolutionProperties) = preSolution
		HideSolutionNode = FALSE
	EndGlobalSection
	GlobalSection(NestedProjects) = preSolution
		{A10B3418-3BF3-415C-8EFC-142621E508C5} = {8A64A277-A19F-403B-BA74-82565286446B}
		{9B742166-A7B3-4290-BF38-B24C86156341} = {8A64A277-A19F-403B-BA74-82565286446B}
		{7AFED102-C43F-462A-AD19-3A6D24CE64C0} = {02FD2ACD-71DF-48AC-BD0E-772F1124120B}
		{5051A9B7-509E-45DE-9BDA-6B82C999AE83} = {02FD2ACD-71DF-48AC-BD0E-772F1124120B}
		{C8E61218-72FE-44E8-A996-EA2B606107DB} = {02FD2ACD-71DF-48AC-BD0E-772F1124120B}
		{B46D37F6-1BAF-46AB-B9A7-A23FD52A540B} = {8A64A277-A19F-403B-BA74-82565286446B}
	EndGlobalSection
	GlobalSection(ExtensibilityGlobals) = postSolution
		SolutionGuid = {1A9F5560-9B19-4C79-9E10-46FD48F3E7A0}
	EndGlobalSection
EndGlobal
